// !$*UTF8*$!
{
	archiveVersion = 1;
	classes = {
	};
	objectVersion = 46;
	objects = {

/* Begin PBXBuildFile section */
		112F5EF51CEF594900FF3BDA /* Emitions ViewController.swift in Sources */ = {isa = PBXBuildFile; fileRef = 112F5EF41CEF594900FF3BDA /* Emitions ViewController.swift */; };
		1158C0351CE64255000F8E26 /* AppDelegate.swift in Sources */ = {isa = PBXBuildFile; fileRef = 1158C0341CE64255000F8E26 /* AppDelegate.swift */; };
		1158C0371CE64255000F8E26 /* FaceViewController.swift in Sources */ = {isa = PBXBuildFile; fileRef = 1158C0361CE64255000F8E26 /* FaceViewController.swift */; };
		1158C03A1CE64255000F8E26 /* Main.storyboard in Resources */ = {isa = PBXBuildFile; fileRef = 1158C0381CE64255000F8E26 /* Main.storyboard */; };
		1158C03C1CE64255000F8E26 /* Assets.xcassets in Resources */ = {isa = PBXBuildFile; fileRef = 1158C03B1CE64255000F8E26 /* Assets.xcassets */; };
		1158C03F1CE64255000F8E26 /* LaunchScreen.storyboard in Resources */ = {isa = PBXBuildFile; fileRef = 1158C03D1CE64255000F8E26 /* LaunchScreen.storyboard */; };
		1158C0481CE64344000F8E26 /* FaceView.swift in Sources */ = {isa = PBXBuildFile; fileRef = 1158C0471CE64344000F8E26 /* FaceView.swift */; };
		1195D6ED1CEA0FC900AC618E /* FacialExpression.swift in Sources */ = {isa = PBXBuildFile; fileRef = 1195D6EC1CEA0FC900AC618E /* FacialExpression.swift */; };
/* End PBXBuildFile section */

/* Begin PBXFileReference section */
		112F5EF41CEF594900FF3BDA /* Emitions ViewController.swift */ = {isa = PBXFileReference; fileEncoding = 4; lastKnownFileType = sourcecode.swift; path = "Emitions ViewController.swift"; sourceTree = "<group>"; };
		1158C0311CE64255000F8E26 /* FaceIt.app */ = {isa = PBXFileReference; explicitFileType = wrapper.application; includeInIndex = 0; path = FaceIt.app; sourceTree = BUILT_PRODUCTS_DIR; };
		1158C0341CE64255000F8E26 /* AppDelegate.swift */ = {isa = PBXFileReference; lastKnownFileType = sourcecode.swift; path = AppDelegate.swift; sourceTree = "<group>"; };
		1158C0361CE64255000F8E26 /* FaceViewController.swift */ = {isa = PBXFileReference; lastKnownFileType = sourcecode.swift; path = FaceViewController.swift; sourceTree = "<group>"; };
		1158C0391CE64255000F8E26 /* Base */ = {isa = PBXFileReference; lastKnownFileType = file.storyboard; name = Base; path = Base.lproj/Main.storyboard; sourceTree = "<group>"; };
		1158C03B1CE64255000F8E26 /* Assets.xcassets */ = {isa = PBXFileReference; lastKnownFileType = folder.assetcatalog; path = Assets.xcassets; sourceTree = "<group>"; };
		1158C03E1CE64255000F8E26 /* Base */ = {isa = PBXFileReference; lastKnownFileType = file.storyboard; name = Base; path = Base.lproj/LaunchScreen.storyboard; sourceTree = "<group>"; };
		1158C0401CE64255000F8E26 /* Info.plist */ = {isa = PBXFileReference; lastKnownFileType = text.plist.xml; path = Info.plist; sourceTree = "<group>"; };
		1158C0471CE64344000F8E26 /* FaceView.swift */ = {isa = PBXFileReference; fileEncoding = 4; lastKnownFileType = sourcecode.swift; path = FaceView.swift; sourceTree = "<group>"; };
		1195D6EC1CEA0FC900AC618E /* FacialExpression.swift */ = {isa = PBXFileReference; fileEncoding = 4; lastKnownFileType = sourcecode.swift; path = FacialExpression.swift; sourceTree = "<group>"; };
/* End PBXFileReference section */

/* Begin PBXFrameworksBuildPhase section */
		1158C02E1CE64255000F8E26 /* Frameworks */ = {
			isa = PBXFrameworksBuildPhase;
			buildActionMask = 2147483647;
			files = (
			);
			runOnlyForDeploymentPostprocessing = 0;
		};
/* End PBXFrameworksBuildPhase section */

/* Begin PBXGroup section */
		1158C0281CE64255000F8E26 = {
			isa = PBXGroup;
			children = (
				1158C0331CE64255000F8E26 /* FaceIt */,
				1158C0321CE64255000F8E26 /* Products */,
			);
			sourceTree = "<group>";
		};
		1158C0321CE64255000F8E26 /* Products */ = {
			isa = PBXGroup;
			children = (
				1158C0311CE64255000F8E26 /* FaceIt.app */,
			);
			name = Products;
			sourceTree = "<group>";
		};
		1158C0331CE64255000F8E26 /* FaceIt */ = {
			isa = PBXGroup;
			children = (
				1158C0461CE64283000F8E26 /* Supporting Files */,
				1158C0361CE64255000F8E26 /* FaceViewController.swift */,
				1158C0381CE64255000F8E26 /* Main.storyboard */,
				112F5EF41CEF594900FF3BDA /* Emitions ViewController.swift */,
				1195D6EC1CEA0FC900AC618E /* FacialExpression.swift */,
				1158C0471CE64344000F8E26 /* FaceView.swift */,
			);
			path = FaceIt;
			sourceTree = "<group>";
		};
		1158C0461CE64283000F8E26 /* Supporting Files */ = {
			isa = PBXGroup;
			children = (
				1158C0341CE64255000F8E26 /* AppDelegate.swift */,
				1158C03B1CE64255000F8E26 /* Assets.xcassets */,
				1158C03D1CE64255000F8E26 /* LaunchScreen.storyboard */,
				1158C0401CE64255000F8E26 /* Info.plist */,
			);
			name = "Supporting Files";
			sourceTree = "<group>";
		};
/* End PBXGroup section */

/* Begin PBXNativeTarget section */
		1158C0301CE64255000F8E26 /* FaceIt */ = {
			isa = PBXNativeTarget;
			buildConfigurationList = 1158C0431CE64255000F8E26 /* Build configuration list for PBXNativeTarget "FaceIt" */;
			buildPhases = (
				1158C02D1CE64255000F8E26 /* Sources */,
				1158C02E1CE64255000F8E26 /* Frameworks */,
				1158C02F1CE64255000F8E26 /* Resources */,
			);
			buildRules = (
			);
			dependencies = (
			);
			name = FaceIt;
			productName = FaceIt;
			productReference = 1158C0311CE64255000F8E26 /* FaceIt.app */;
			productType = "com.apple.product-type.application";
		};
/* End PBXNativeTarget section */

/* Begin PBXProject section */
		1158C0291CE64255000F8E26 /* Project object */ = {
			isa = PBXProject;
			attributes = {
				LastSwiftUpdateCheck = 0730;
				LastUpgradeCheck = 0730;
				ORGANIZATIONNAME = FaFa;
				TargetAttributes = {
					1158C0301CE64255000F8E26 = {
						CreatedOnToolsVersion = 7.3.1;
						DevelopmentTeam = L4QTG8RQKH;
					};
				};
			};
			buildConfigurationList = 1158C02C1CE64255000F8E26 /* Build configuration list for PBXProject "FaceIt" */;
			compatibilityVersion = "Xcode 3.2";
			developmentRegion = English;
			hasScannedForEncodings = 0;
			knownRegions = (
				en,
				Base,
			);
			mainGroup = 1158C0281CE64255000F8E26;
			productRefGroup = 1158C0321CE64255000F8E26 /* Products */;
			projectDirPath = "";
			projectRoot = "";
			targets = (
				1158C0301CE64255000F8E26 /* FaceIt */,
			);
		};
/* End PBXProject section */

/* Begin PBXResourcesBuildPhase section */
		1158C02F1CE64255000F8E26 /* Resources */ = {
			isa = PBXResourcesBuildPhase;
			buildActionMask = 2147483647;
			files = (
				1158C03F1CE64255000F8E26 /* LaunchScreen.storyboard in Resources */,
				1158C03C1CE64255000F8E26 /* Assets.xcassets in Resources */,
				1158C03A1CE64255000F8E26 /* Main.storyboard in Resources */,
			);
			runOnlyForDeploymentPostprocessing = 0;
		};
/* End PBXResourcesBuildPhase section */

/* Begin PBXSourcesBuildPhase section */
		1158C02D1CE64255000F8E26 /* Sources */ = {
			isa = PBXSourcesBuildPhase;
			buildActionMask = 2147483647;
			files = (
				1158C0371CE64255000F8E26 /* FaceViewController.swift in Sources */,
				112F5EF51CEF594900FF3BDA /* Emitions ViewController.swift in Sources */,
				1195D6ED1CEA0FC900AC618E /* FacialExpression.swift in Sources */,
				1158C0351CE64255000F8E26 /* AppDelegate.swift in Sources */,
				1158C0481CE64344000F8E26 /* FaceView.swift in Sources */,
			);
			runOnlyForDeploymentPostprocessing = 0;
		};
/* End PBXSourcesBuildPhase section */

/* Begin PBXVariantGroup section */
		1158C0381CE64255000F8E26 /* Main.storyboard */ = {
			isa = PBXVariantGroup;
			children = (
				1158C0391CE64255000F8E26 /* Base */,
			);
			name = Main.storyboard;
			sourceTree = "<group>";
		};
		1158C03D1CE64255000F8E26 /* LaunchScreen.storyboard */ = {
			isa = PBXVariantGroup;
			children = (
				1158C03E1CE64255000F8E26 /* Base */,
			);
			name = LaunchScreen.storyboard;
			sourceTree = "<group>";
		};
/* End PBXVariantGroup section */

/* Begin XCBuildConfiguration section */
		1158C0411CE64255000F8E26 /* Debug */ = {
			isa = XCBuildConfiguration;
			buildSettings = {
				ALWAYS_SEARCH_USER_PATHS = NO;
				CLANG_ANALYZER_NONNULL = YES;
				CLANG_CXX_LANGUAGE_STANDARD = "gnu++0x";
				CLANG_CXX_LIBRARY = "libc++";
				CLANG_ENABLE_MODULES = YES;
				CLANG_ENABLE_OBJC_ARC = YES;
				CLANG_WARN_BOOL_CONVERSION = YES;
				CLANG_WARN_CONSTANT_CONVERSION = YES;
				CLANG_WARN_DIRECT_OBJC_ISA_USAGE = YES_ERROR;
				CLANG_WARN_EMPTY_BODY = YES;
				CLANG_WARN_ENUM_CONVERSION = YES;
				CLANG_WARN_INT_CONVERSION = YES;
				CLANG_WARN_OBJC_ROOT_CLASS = YES_ERROR;
				CLANG_WARN_UNREACHABLE_CODE = YES;
				CLANG_WARN__DUPLICATE_METHOD_MATCH = YES;
				"CODE_SIGN_IDENTITY[sdk=iphoneos*]" = "iPhone Developer";
				COPY_PHASE_STRIP = NO;
				DEBUG_INFORMATION_FORMAT = dwarf;
				ENABLE_STRICT_OBJC_MSGSEND = YES;
				ENABLE_TESTABILITY = YES;
				GCC_C_LANGUAGE_STANDARD = gnu99;
				GCC_DYNAMIC_NO_PIC = NO;
				GCC_NO_COMMON_BLOCKS = YES;
				GCC_OPTIMIZATION_LEVEL = 0;
				GCC_PREPROCESSOR_DEFINITIONS = (
					"DEBUG=1",
					"$(inherited)",
				);
				GCC_WARN_64_TO_32_BIT_CONVERSION = YES;
				GCC_WARN_ABOUT_RETURN_TYPE = YES_ERROR;
				GCC_WARN_UNDECLARED_SELECTOR = YES;
				GCC_WARN_UNINITIALIZED_AUTOS = YES_AGGRESSIVE;
				GCC_WARN_UNUSED_FUNCTION = YES;
				GCC_WARN_UNUSED_VARIABLE = YES;
				IPHONEOS_DEPLOYMENT_TARGET = 9.3;
				MTL_ENABLE_DEBUG_INFO = YES;
				ONLY_ACTIVE_ARCH = YES;
				SDKROOT = iphoneos;
				SWIFT_OPTIMIZATION_LEVEL = "-Onone";
				TARGETED_DEVICE_FAMILY = "1,2";
			};
			name = Debug;
		};
		1158C0421CE64255000F8E26 /* Release */ = {
			isa = XCBuildConfiguration;
			buildSettings = {
				ALWAYS_SEARCH_USER_PATHS = NO;
				CLANG_ANALYZER_NONNULL = YES;
				CLANG_CXX_LANGUAGE_STANDARD = "gnu++0x";
				CLANG_CXX_LIBRARY = "libc++";
				CLANG_ENABLE_MODULES = YES;
				CLANG_ENABLE_OBJC_ARC = YES;
				CLANG_WARN_BOOL_CONVERSION = YES;
				CLANG_WARN_CONSTANT_CONVERSION = YES;
				CLANG_WARN_DIRECT_OBJC_ISA_USAGE = YES_ERROR;
				CLANG_WARN_EMPTY_BODY = YES;
				CLANG_WARN_ENUM_CONVERSION = YES;
				CLANG_WARN_INT_CONVERSION = YES;
				CLANG_WARN_OBJC_ROOT_CLASS = YES_ERROR;
				CLANG_WARN_UNREACHABLE_CODE = YES;
				CLANG_WARN__DUPLICATE_METHOD_MATCH = YES;
				"CODE_SIGN_IDENTITY[sdk=iphoneos*]" = "iPhone Developer";
				COPY_PHASE_STRIP = NO;
				DEBUG_INFORMATION_FORMAT = "dwarf-with-dsym";
				ENABLE_NS_ASSERTIONS = NO;
				ENABLE_STRICT_OBJC_MSGSEND = YES;
				GCC_C_LANGUAGE_STANDARD = gnu99;
				GCC_NO_COMMON_BLOCKS = YES;
				GCC_WARN_64_TO_32_BIT_CONVERSION = YES;
				GCC_WARN_ABOUT_RETURN_TYPE = YES_ERROR;
				GCC_WARN_UNDECLARED_SELECTOR = YES;
				GCC_WARN_UNINITIALIZED_AUTOS = YES_AGGRESSIVE;
				GCC_WARN_UNUSED_FUNCTION = YES;
				GCC_WARN_UNUSED_VARIABLE = YES;
				IPHONEOS_DEPLOYMENT_TARGET = 9.3;
				MTL_ENABLE_DEBUG_INFO = NO;
				SDKROOT = iphoneos;
				TARGETED_DEVICE_FAMILY = "1,2";
				VALIDATE_PRODUCT = YES;
			};
			name = Release;
		};
		1158C0441CE64255000F8E26 /* Debug */ = {
			isa = XCBuildConfiguration;
			buildSettings = {
				ASSETCATALOG_COMPILER_APPICON_NAME = AppIcon;
				INFOPLIST_FILE = FaceIt/Info.plist;
				LD_RUNPATH_SEARCH_PATHS = "$(inherited) @executable_path/Frameworks";
				PRODUCT_BUNDLE_IDENTIFIER = FaFa.FaceIt;
				PRODUCT_NAME = "$(TARGET_NAME)";
			};
			name = Debug;
		};
		1158C0451CE64255000F8E26 /* Release */ = {
			isa = XCBuildConfiguration;
			buildSettings = {
				ASSETCATALOG_COMPILER_APPICON_NAME = AppIcon;
				INFOPLIST_FILE = FaceIt/Info.plist;
				LD_RUNPATH_SEARCH_PATHS = "$(inherited) @executable_path/Frameworks";
				PRODUCT_BUNDLE_IDENTIFIER = FaFa.FaceIt;
				PRODUCT_NAME = "$(TARGET_NAME)";
			};
			name = Release;
		};
/* End XCBuildConfiguration section */

/* Begin XCConfigurationList section */
		1158C02C1CE64255000F8E26 /* Build configuration list for PBXProject "FaceIt" */ = {
			isa = XCConfigurationList;
			buildConfigurations = (
				1158C0411CE64255000F8E26 /* Debug */,
				1158C0421CE64255000F8E26 /* Release */,
			);
			defaultConfigurationIsVisible = 0;
			defaultConfigurationName = Release;
		};
		1158C0431CE64255000F8E26 /* Build configuration list for PBXNativeTarget "FaceIt" */ = {
			isa = XCConfigurationList;
			buildConfigurations = (
				1158C0441CE64255000F8E26 /* Debug */,
				1158C0451CE64255000F8E26 /* Release */,
			);
			defaultConfigurationIsVisible = 0;
			defaultConfigurationName = Release;
		};
/* End XCConfigurationList section */
	};
	rootObject = 1158C0291CE64255000F8E26 /* Project object */;
}
